{
  "version": "3",
  "packages": {
    "specifiers": {
      "jsr:@std/assert@0.215": "jsr:@std/assert@0.215.0",
      "jsr:@std/assert@^0.215.0": "jsr:@std/assert@0.215.0",
      "jsr:@std/fmt@^0.215.0": "jsr:@std/fmt@0.215.0",
      "jsr:@std/fs@0.215": "jsr:@std/fs@0.215.0",
      "jsr:@std/path@0.215": "jsr:@std/path@0.215.0",
      "jsr:@std/path@^0.215.0": "jsr:@std/path@0.215.0"
    },
    "jsr": {
      "@std/assert@0.215.0": {
        "dependencies": [
          "jsr:@std/fmt@^0.215.0"
        ]
      },
      "@std/fs@0.215.0": {
        "dependencies": [
          "jsr:@std/assert@^0.215.0",
          "jsr:@std/path@^0.215.0"
        ]
      },
      "@std/path@0.215.0": {
        "dependencies": [
          "jsr:@std/assert@^0.215.0"
        ]
      }
    }
  },
  "remote": {
    "https://jsr.io/@std/assert/0.215.0/_constants.ts": "a271e8ef5a573f1df8e822a6eb9d09df064ad66a4390f21b3e31f820a38e0975",
    "https://jsr.io/@std/assert/0.215.0/_diff.ts": "f8f568f6d3a36652deb4701303fe7a2a66bfec242682effe53211398e363c39e",
    "https://jsr.io/@std/assert/0.215.0/_format.ts": "0ba808961bf678437fb486b56405b6fefad2cf87b5809667c781ddee8c32aff4",
    "https://jsr.io/@std/assert/0.215.0/assert.ts": "501b416473ec27c71885aaf819e363c8df617f89ce68ae57fec7acf9d62743b2",
    "https://jsr.io/@std/assert/0.215.0/assert_almost_equals.ts": "77a20a203abff37146dc029afd14e7cce9c9c085c25a107a5f075ed49b646db0",
    "https://jsr.io/@std/assert/0.215.0/assert_array_includes.ts": "9f511b9b57d48f1ff643259192a66f855b8075a8fb9d9f3cdefc0e008cfe3466",
    "https://jsr.io/@std/assert/0.215.0/assert_equals.ts": "78139785a690be8e450ad13698287bfb5c50518833a6c4ccb96d6fe66dd9c573",
    "https://jsr.io/@std/assert/0.215.0/assert_exists.ts": "7ea6a5cbaf3ce2675adc863d11544ba0f0d6e61658c5f0a83b5aa999e48961f0",
    "https://jsr.io/@std/assert/0.215.0/assert_false.ts": "8941f89de0386609eb1749f334483d56420307997bbbba77a559c5fe7083a657",
    "https://jsr.io/@std/assert/0.215.0/assert_greater.ts": "441cfcab6ab8c06d6c54d5995d513a148c9ed7ec2d241c154e6a127b3f22f995",
    "https://jsr.io/@std/assert/0.215.0/assert_greater_or_equal.ts": "d841652741b8087235f3392abd6db387cc4ecfe91cbd9fbc721937789f325faa",
    "https://jsr.io/@std/assert/0.215.0/assert_instance_of.ts": "ab945d09a94ca382ac4e9044412a9414efe301ad0ae36b72c02159e7148321ed",
    "https://jsr.io/@std/assert/0.215.0/assert_is_error.ts": "823298a6a5bf5e51580932aadbb1cfb22a6945c502868dc9dca2a70bcf70062d",
    "https://jsr.io/@std/assert/0.215.0/assert_less.ts": "282d39e91ce16e33d5b8352771d97c81d840f1810ba7b65b64332eba5b0f0c50",
    "https://jsr.io/@std/assert/0.215.0/assert_less_or_equal.ts": "a68b8ae9fa056449b63c8d3fb771fe8a3747d958877096e85839b75f3c581576",
    "https://jsr.io/@std/assert/0.215.0/assert_match.ts": "7395d0d84346d9a81695559d11afe890137f1c469bb5cafb6aba1a7faaf142f8",
    "https://jsr.io/@std/assert/0.215.0/assert_not_equals.ts": "b08ac1034e4b9aedff0bad798df7880c8f977019a90e98a5e0e4f88c7dfa6353",
    "https://jsr.io/@std/assert/0.215.0/assert_not_instance_of.ts": "340861128c5a03071247fdc6011b8499fd277d9faeb14306a4af9cd642a302c3",
    "https://jsr.io/@std/assert/0.215.0/assert_not_match.ts": "f09d94377a6403800f7d8602a70bce27d3d6ff699cd95e141b43c35c3b0e798d",
    "https://jsr.io/@std/assert/0.215.0/assert_not_strict_equals.ts": "1028e690746157783c44cd0d17d88d17a57ece9d387a8cc8e15aef291ac98258",
    "https://jsr.io/@std/assert/0.215.0/assert_object_match.ts": "9f02fd409595a8b656ec9f436fe012932e3729a58e8292e7c4c5b9b50266da5f",
    "https://jsr.io/@std/assert/0.215.0/assert_rejects.ts": "af2d87faafdf44a3af69fd9e8952d5a07707d2b6b8c413f46ec3b90227539b3a",
    "https://jsr.io/@std/assert/0.215.0/assert_strict_equals.ts": "72d7b15c9cf128cd4fbb29fb794e1a2bc612b55935de035f17127587f8411e75",
    "https://jsr.io/@std/assert/0.215.0/assert_string_includes.ts": "c178bd97da03e2215494e729b2048ae68e780bf0b583a998a3bf808fbdb1eba2",
    "https://jsr.io/@std/assert/0.215.0/assert_throws.ts": "4209628c4fa3e569bb2924b289fad486f9e5feb0912bca6f60b484ddbfad7136",
    "https://jsr.io/@std/assert/0.215.0/assertion_error.ts": "dd027fb33707dbff22cd2ef9b55fdb70e2095876caf3c68ecfbb811505ecc022",
    "https://jsr.io/@std/assert/0.215.0/equal.ts": "166d9377ce8df4d53f676d9a568a13914c2323d9d3b2fd1096aafeb59f3c1edf",
    "https://jsr.io/@std/assert/0.215.0/fail.ts": "67579a1308b176d52756ded6d1e3149f87703648e59afc333ba5168fefeb8d7b",
    "https://jsr.io/@std/assert/0.215.0/mod.ts": "325df8c0683ad83a873b9691aa66b812d6275fc9fec0b2d180ac68a2c5efed3b",
    "https://jsr.io/@std/assert/0.215.0/unimplemented.ts": "ed3115f6fb271277e0522f3b18f020259900c385e3fa986f109a519a1cf25763",
    "https://jsr.io/@std/assert/0.215.0/unreachable.ts": "1e748f69f73c57f4de9ba1dba39306b86e0ad2c0915975608519a2bcf42c262f",
    "https://jsr.io/@std/fmt/0.215.0/colors.ts": "59b5de7c07cdc0322ed61b2d98da1ca4fbc9f576d45c2beee577a27556e52d63",
    "https://jsr.io/@std/fs/0.215.0/_create_walk_entry.ts": "f52910386c0455d3f1f929d5702bad6e64127cff62d008d8bc03fd42f6eb3441",
    "https://jsr.io/@std/fs/0.215.0/_get_file_info_type.ts": "da7bec18a7661dba360a1db475b826b18977582ce6fc9b25f3d4ee0403fe8cbd",
    "https://jsr.io/@std/fs/0.215.0/_is_same_path.ts": "5d24b17a8771cd762212f8e7e2963f256cfa68aa3ba13c56877a79ca8cba8fe2",
    "https://jsr.io/@std/fs/0.215.0/_is_subdir.ts": "55455de98a2770d2534f71cb8ea41a8add0010ed8571c0f6ee4a65555c018590",
    "https://jsr.io/@std/fs/0.215.0/_to_path_string.ts": "037a0c6dd97c22c5711aee18cf18a425a3969b48025be173653de0e529d92420",
    "https://jsr.io/@std/fs/0.215.0/copy.ts": "e3d169688ee06408d302d8a4375b953026ad54b8fbde0598c01fef6a379a8d31",
    "https://jsr.io/@std/fs/0.215.0/empty_dir.ts": "cb52a05b7dd1520f857b7e7e90fc25ebc4c7d0c67af1378906dfd5280744a800",
    "https://jsr.io/@std/fs/0.215.0/ensure_dir.ts": "a6c127285f5bdfe10e6ff5b55ff7f9b5c7f67c74d3dcfe66081c5780a5e1ee85",
    "https://jsr.io/@std/fs/0.215.0/ensure_file.ts": "1a255645522625a273bf948c3be5a98eff9439e125423b850687b7a11be0fe54",
    "https://jsr.io/@std/fs/0.215.0/ensure_link.ts": "c988b733b394c5e517d8a45741f61ebd67940e49c975e17ff1e0baa06f0be7ab",
    "https://jsr.io/@std/fs/0.215.0/ensure_symlink.ts": "e76b8fc458f0eddacdfb300cb8f9243a496e5c7bb6eea6dd6b0d3c4e3624b1b4",
    "https://jsr.io/@std/fs/0.215.0/eol.ts": "d560d5e3cc3a1acff483f1339d7de31ca6025808b2c499a8b246984b84282e0b",
    "https://jsr.io/@std/fs/0.215.0/exists.ts": "e636a0e535793d8677095e7a75308eda47cc4c784f83c4e2beaa90825a5b84de",
    "https://jsr.io/@std/fs/0.215.0/expand_glob.ts": "5ac35090a42e07da6e1d61ce89061c536438b7a03c2fb666b4cb2e7ee9541e08",
    "https://jsr.io/@std/fs/0.215.0/mod.ts": "107f5afa4424c2d3ce2f7e9266173198da30302c69af662c720115fe504dc5ee",
    "https://jsr.io/@std/fs/0.215.0/move.ts": "8301ee1883b3d5e0eda7c5b670e7fe5ca9ac98fe74258551ec513d222c1af85f",
    "https://jsr.io/@std/fs/0.215.0/walk.ts": "1eed1303c391cbf2e0e01c2c6d8cb4d3ce171f1ab157b3a1221fe1eee9f415f8",
    "https://jsr.io/@std/path/0.215.0/_common/assert_path.ts": "2ca275f36ac1788b2acb60fb2b79cb06027198bc2ba6fb7e163efaedde98c297",
    "https://jsr.io/@std/path/0.215.0/_common/basename.ts": "569744855bc8445f3a56087fd2aed56bdad39da971a8d92b138c9913aecc5fa2",
    "https://jsr.io/@std/path/0.215.0/_common/common.ts": "6157c7ec1f4db2b4a9a187efd6ce76dcaf1e61cfd49f87e40d4ea102818df031",
    "https://jsr.io/@std/path/0.215.0/_common/constants.ts": "dc5f8057159f4b48cd304eb3027e42f1148cf4df1fb4240774d3492b5d12ac0c",
    "https://jsr.io/@std/path/0.215.0/_common/dirname.ts": "684df4aa71a04bbcc346c692c8485594fc8a90b9408dfbc26ff32cf3e0c98cc8",
    "https://jsr.io/@std/path/0.215.0/_common/format.ts": "ef04423fd59d06dc027a4ccbe9eaa7b59c32f9d76e434d9debec43b7283e228e",
    "https://jsr.io/@std/path/0.215.0/_common/from_file_url.ts": "d672bdeebc11bf80e99bf266f886c70963107bdd31134c4e249eef51133ceccf",
    "https://jsr.io/@std/path/0.215.0/_common/glob_to_reg_exp.ts": "2007aa87bed6eb2c8ae8381adcc3125027543d9ec347713c1ad2c68427330770",
    "https://jsr.io/@std/path/0.215.0/_common/normalize.ts": "684df4aa71a04bbcc346c692c8485594fc8a90b9408dfbc26ff32cf3e0c98cc8",
    "https://jsr.io/@std/path/0.215.0/_common/normalize_string.ts": "dfdf657a1b1a7db7999f7c575ee7e6b0551d9c20f19486c6c3f5ff428384c965",
    "https://jsr.io/@std/path/0.215.0/_common/relative.ts": "faa2753d9b32320ed4ada0733261e3357c186e5705678d9dd08b97527deae607",
    "https://jsr.io/@std/path/0.215.0/_common/strip_trailing_separators.ts": "7024a93447efcdcfeaa9339a98fa63ef9d53de363f1fbe9858970f1bba02655a",
    "https://jsr.io/@std/path/0.215.0/_common/to_file_url.ts": "7f76adbc83ece1bba173e6e98a27c647712cab773d3f8cbe0398b74afc817883",
    "https://jsr.io/@std/path/0.215.0/_interface.ts": "a1419fcf45c0ceb8acdccc94394e3e94f99e18cfd32d509aab514c8841799600",
    "https://jsr.io/@std/path/0.215.0/_os.ts": "8fb9b90fb6b753bd8c77cfd8a33c2ff6c5f5bc185f50de8ca4ac6a05710b2c15",
    "https://jsr.io/@std/path/0.215.0/basename.ts": "5d341aadb7ada266e2280561692c165771d071c98746fcb66da928870cd47668",
    "https://jsr.io/@std/path/0.215.0/common.ts": "4c80da2ee5563eb31f87cf7d21879db90d614a3fae83358670625e4b90342745",
    "https://jsr.io/@std/path/0.215.0/constants.ts": "0c206169ca104938ede9da48ac952de288f23343304a1c3cb6ec7625e7325f36",
    "https://jsr.io/@std/path/0.215.0/dirname.ts": "85bd955bf31d62c9aafdd7ff561c4b5fb587d11a9a5a45e2b01aedffa4238a7c",
    "https://jsr.io/@std/path/0.215.0/extname.ts": "593303db8ae8c865cbd9ceec6e55d4b9ac5410c1e276bfd3131916591b954441",
    "https://jsr.io/@std/path/0.215.0/format.ts": "98fad25f1af7b96a48efb5b67378fcc8ed77be895df8b9c733b86411632162af",
    "https://jsr.io/@std/path/0.215.0/from_file_url.ts": "7c87244ca07e4065cb024016b03d012facb856cc7aed089d9b6f1e4ea6152316",
    "https://jsr.io/@std/path/0.215.0/glob_to_regexp.ts": "5e51f78a0248c75464bf1d49173de3ec2c032880a530578e56b3fed2a57e69d3",
    "https://jsr.io/@std/path/0.215.0/is_absolute.ts": "4791afc8bfd0c87f0526eaa616b0d16e7b3ab6a65b62942e50eac68de4ef67d7",
    "https://jsr.io/@std/path/0.215.0/is_glob.ts": "a65f6195d3058c3050ab905705891b412ff942a292bcbaa1a807a74439a14141",
    "https://jsr.io/@std/path/0.215.0/join.ts": "ae2ec5ca44c7e84a235fd532e4a0116bfb1f2368b394db1c4fb75e3c0f26a33a",
    "https://jsr.io/@std/path/0.215.0/join_globs.ts": "5b3bf248b93247194f94fa6947b612ab9d3abd571ca8386cf7789038545e54a0",
    "https://jsr.io/@std/path/0.215.0/mod.ts": "66d574090f2453c12a07e18115a16bfecc6cfed39e7d557869087af64f0e8e94",
    "https://jsr.io/@std/path/0.215.0/normalize.ts": "4155743ccceeed319b350c1e62e931600272fad8ad00c417b91df093867a8352",
    "https://jsr.io/@std/path/0.215.0/normalize_glob.ts": "cc89a77a7d3b1d01053b9dcd59462b75482b11e9068ae6c754b5cf5d794b374f",
    "https://jsr.io/@std/path/0.215.0/parse.ts": "65e8e285f1a63b714e19ef24b68f56e76934c3df0b6e65fd440d3991f4f8aefb",
    "https://jsr.io/@std/path/0.215.0/posix/_util.ts": "b24abdfa97820d3a9dc696bf7947c35ac2cf5d836c16ae20592a8dc0757321a3",
    "https://jsr.io/@std/path/0.215.0/posix/basename.ts": "265d3360c49c1af372a10891518b785fc2ae138f019892c89642e1f1c523b2dc",
    "https://jsr.io/@std/path/0.215.0/posix/common.ts": "4c896e6e9357f33c3ffe027cb13cb2ccf5dbe3575604b43c195befffb0f40b2b",
    "https://jsr.io/@std/path/0.215.0/posix/constants.ts": "93481efb98cdffa4c719c22a0182b994e5a6aed3047e1962f6c2c75b7592bef1",
    "https://jsr.io/@std/path/0.215.0/posix/dirname.ts": "ecdaeec17d5fdd00da89bb05962e209c7aa41ad4967279bc8662c0bb3a243b2f",
    "https://jsr.io/@std/path/0.215.0/posix/extname.ts": "b1400d9d0ac2160accda327790c93daa4ee8325b87f4c4d9b21887e7c8fd73db",
    "https://jsr.io/@std/path/0.215.0/posix/format.ts": "47318e54ac8cd2e9c35ef2a143d02c198ce093e31f9789b6ecb95cbc60fec71b",
    "https://jsr.io/@std/path/0.215.0/posix/from_file_url.ts": "dc4a092de0d117d94bfd54390b4bc360ea1c68d4a1e42d2ea94d6fe75b483c37",
    "https://jsr.io/@std/path/0.215.0/posix/glob_to_regexp.ts": "4db789540039ea4c75f1ba8182c43fc2965a019df3c26a825945642452e8bf75",
    "https://jsr.io/@std/path/0.215.0/posix/is_absolute.ts": "e7147b25e786abb51dd888eca89d2fd3770c41e6bd556d19db26cca348fb78a4",
    "https://jsr.io/@std/path/0.215.0/posix/is_glob.ts": "135ac8b1e647f673ea650fb713e2d9c42d0108c29cae3a2b77399fec0dae8864",
    "https://jsr.io/@std/path/0.215.0/posix/join.ts": "1bbf0d9303160d4b9be76161d0ef73d67198cf7bf66e84d88eb560abc492070f",
    "https://jsr.io/@std/path/0.215.0/posix/join_globs.ts": "52589b26215d134a6d95b592ae1c1cf35ab670e62c97053c632003c23c5aa0e9",
    "https://jsr.io/@std/path/0.215.0/posix/mod.ts": "43111128c93add2f61503dafd41c97e9b3e5ada9f15fc5f26f5c779f1615de4b",
    "https://jsr.io/@std/path/0.215.0/posix/normalize.ts": "9b9f666159c0e5ee3df292cf56555547b1be4cd3ca54da6a263a3074b8e44964",
    "https://jsr.io/@std/path/0.215.0/posix/normalize_glob.ts": "5b6fa8264f0f3663ee4b30034f783973d7a530bdd0ad8ee37a566f2b2a65ee71",
    "https://jsr.io/@std/path/0.215.0/posix/parse.ts": "96aad4733eb1091db6b3de423f23c25a2ac3e3a5b29b35c3ee808b123eef73e5",
    "https://jsr.io/@std/path/0.215.0/posix/relative.ts": "f0617bf5614ac45462d71d8d03a5bbe3db9f5aaadc9e470a560013d0416d4cc0",
    "https://jsr.io/@std/path/0.215.0/posix/resolve.ts": "00f39f36478ad11b64604ad9b508b137a930aae2423e757ba53ec5f11a919ee1",
    "https://jsr.io/@std/path/0.215.0/posix/to_file_url.ts": "e1c2f7b256100610ae85a443f89404f4b5d730d882c388a76b8e4fa1ecfc5ac7",
    "https://jsr.io/@std/path/0.215.0/posix/to_namespaced_path.ts": "28b216b3c76f892a4dca9734ff1cc0045d135532bfd9c435ae4858bfa5a2ebf0",
    "https://jsr.io/@std/path/0.215.0/relative.ts": "ab739d727180ed8727e34ed71d976912461d98e2b76de3d3de834c1066667add",
    "https://jsr.io/@std/path/0.215.0/resolve.ts": "a6f977bdb4272e79d8d0ed4333e3d71367cc3926acf15ac271f1d059c8494d8d",
    "https://jsr.io/@std/path/0.215.0/to_file_url.ts": "ce1a439e03377882e58f06ef43ef2259d483bab235d1eb727f1637b0a6bd7070",
    "https://jsr.io/@std/path/0.215.0/to_namespaced_path.ts": "b706a4103b104cfadc09600a5f838c2ba94dbcdb642344557122dda444526e40",
    "https://jsr.io/@std/path/0.215.0/windows/_util.ts": "8f491fe68728772ce98d3bdf54dcd89c823d5ecd2bec6153c343a95843f625ca",
    "https://jsr.io/@std/path/0.215.0/windows/basename.ts": "20179a24e3b4a8d5d957f0b6c5515d1d05c47c7e5824d595844f3ff5558e6e5b",
    "https://jsr.io/@std/path/0.215.0/windows/common.ts": "4c896e6e9357f33c3ffe027cb13cb2ccf5dbe3575604b43c195befffb0f40b2b",
    "https://jsr.io/@std/path/0.215.0/windows/constants.ts": "5afaac0a1f67b68b0a380a4ef391bf59feb55856aa8c60dfc01bd3b6abb813f5",
    "https://jsr.io/@std/path/0.215.0/windows/dirname.ts": "f5aee3cff1830aa804bee6b947c51a667dfc713b339923d884e590cffdf5d8e0",
    "https://jsr.io/@std/path/0.215.0/windows/extname.ts": "297ff46e51d75b97d4096cf5664471dca65b529f557c2e6e08aec3f2441767bf",
    "https://jsr.io/@std/path/0.215.0/windows/format.ts": "8986f9e9b1cd48b404aa7c3873bfb976a9af08eeb40a58f1001a8d887d0dfe14",
    "https://jsr.io/@std/path/0.215.0/windows/from_file_url.ts": "d67e4c8e7453597bf8071da6a995d6c9ad41f3c30192dc6494a25beb14647ff7",
    "https://jsr.io/@std/path/0.215.0/windows/glob_to_regexp.ts": "5a9251ea357ec619f8b370a87e3ec010f36ceb9a0112973b6a1122684b72ccdb",
    "https://jsr.io/@std/path/0.215.0/windows/is_absolute.ts": "d3534d9fd5680d4c6895bbb59193335e5753cdef875f095297be66eb96f2f530",
    "https://jsr.io/@std/path/0.215.0/windows/is_glob.ts": "135ac8b1e647f673ea650fb713e2d9c42d0108c29cae3a2b77399fec0dae8864",
    "https://jsr.io/@std/path/0.215.0/windows/join.ts": "3073737b883df7dd391f9743572284ec796cc518e420374da043a0eb714746da",
    "https://jsr.io/@std/path/0.215.0/windows/join_globs.ts": "52589b26215d134a6d95b592ae1c1cf35ab670e62c97053c632003c23c5aa0e9",
    "https://jsr.io/@std/path/0.215.0/windows/mod.ts": "74a29bae3451312d93ea22694b1ca4a05a7afe2b6dbab67c09cb59eb9744a776",
    "https://jsr.io/@std/path/0.215.0/windows/normalize.ts": "f5d8b971161eff7b4f8e45c7520cbb0c6553ccff7c4b3ced2dfe0d6ad46a2328",
    "https://jsr.io/@std/path/0.215.0/windows/normalize_glob.ts": "5bce9621a3562265bd3279f9b3b388611e19cf9f2c3521b0d8dbf18267e3b050",
    "https://jsr.io/@std/path/0.215.0/windows/parse.ts": "c63488c9d581576f955eaa8c4ab09c165b8d922ec3911b302c31331c8303973f",
    "https://jsr.io/@std/path/0.215.0/windows/relative.ts": "366eb25bd3469433e47dd4cac52d03048d5e27e8a89e059217065d3afa4e7e71",
    "https://jsr.io/@std/path/0.215.0/windows/resolve.ts": "671e70d150bd933832ffcf02e97572fdfbb8ed199082bdabdf4e92d3e898636e",
    "https://jsr.io/@std/path/0.215.0/windows/separator.ts": "e51c5522140eff4f8402617c5c68a201fdfa3a1a8b28dc23587cff931b665e43",
    "https://jsr.io/@std/path/0.215.0/windows/to_file_url.ts": "cdead9ba8f1e4062c3c45a7c9fa6384e209b734526b4c6ab36ce2f17339367f5",
    "https://jsr.io/@std/path/0.215.0/windows/to_namespaced_path.ts": "96dd0d55d484905e06553fd7d5feb6b3e4c0c99c337fda4199b6c32bce44833a"
  },
  "workspace": {
    "dependencies": [
      "jsr:@std/assert@0.215",
      "jsr:@std/fs@0.215",
      "jsr:@std/path@0.215"
    ]
  }
}
